
Microsoft Visual Studio Solution File, Format Version 12.00
# Visual Studio Version 17
VisualStudioVersion = 17.5.33414.496
MinimumVisualStudioVersion = 10.0.40219.1
Project("{FAE04EC0-301F-11D3-BF4B-00C04F79EFBC}") = "NumarPrim", "NumarPrim\NumarPrim.csproj", "{208D32F9-4DD7-4B25-9685-CF4813E83DA8}"
EndProject
Global
	GlobalSection(SolutionConfigurationPlatforms) = preSolution
		Debug|Any CPU = Debug|Any CPU
		Release|Any CPU = Release|Any CPU
	EndGlobalSection
	GlobalSection(ProjectConfigurationPlatforms) = postSolution
		{208D32F9-4DD7-4B25-9685-CF4813E83DA8}.Debug|Any CPU.ActiveCfg = Debug|Any CPU
		{208D32F9-4DD7-4B25-9685-CF4813E83DA8}.Debug|Any CPU.Build.0 = Debug|Any CPU
		{208D32F9-4DD7-4B25-9685-CF4813E83DA8}.Release|Any CPU.ActiveCfg = Release|Any CPU
		{208D32F9-4DD7-4B25-9685-CF4813E83DA8}.Release|Any CPU.Build.0 = Release|Any CPU
	EndGlobalSection
	GlobalSection(SolutionProperties) = preSolution
		HideSolutionNode = FALSE
	EndGlobalSection
	GlobalSection(ExtensibilityGlobals) = postSolution
		SolutionGuid = {091697FC-2A25-437A-8DDA-F70C4AC4BBFE}
	EndGlobalSection
EndGlobal
